
Microsoft Visual Studio Solution File, Format Version 12.00
# Visual Studio 15
VisualStudioVersion = 15.0.28307.1401
MinimumVisualStudioVersion = 10.0.40219.1
Project("{FAE04EC0-301F-11D3-BF4B-00C04F79EFBC}") = "lab01", "lab01\lab01.csproj", "{382591E9-F7C3-4160-81FF-ABE2CE9E5034}"
EndProject
Project("{FAE04EC0-301F-11D3-BF4B-00C04F79EFBC}") = "lab01a", "lab01a\lab01a.csproj", "{CD02C802-21F7-4BC3-9C5F-40F00029DA71}"
EndProject
Project("{FAE04EC0-301F-11D3-BF4B-00C04F79EFBC}") = "lab02", "lab02\lab02.csproj", "{BEF228B0-B60C-4FA6-A146-4263CED80E69}"
EndProject
Project("{FAE04EC0-301F-11D3-BF4B-00C04F79EFBC}") = "lab02a", "lab02a\lab02a.csproj", "{7458BF92-755B-418B-83E5-5264A162C926}"
EndProject
Global
	GlobalSection(SolutionConfigurationPlatforms) = preSolution
		Debug|Any CPU = Debug|Any CPU
		Release|Any CPU = Release|Any CPU
	EndGlobalSection
	GlobalSection(ProjectConfigurationPlatforms) = postSolution
		{382591E9-F7C3-4160-81FF-ABE2CE9E5034}.Debug|Any CPU.ActiveCfg = Debug|Any CPU
		{382591E9-F7C3-4160-81FF-ABE2CE9E5034}.Debug|Any CPU.Build.0 = Debug|Any CPU
		{382591E9-F7C3-4160-81FF-ABE2CE9E5034}.Release|Any CPU.ActiveCfg = Release|Any CPU
		{382591E9-F7C3-4160-81FF-ABE2CE9E5034}.Release|Any CPU.Build.0 = Release|Any CPU
		{CD02C802-21F7-4BC3-9C5F-40F00029DA71}.Debug|Any CPU.ActiveCfg = Debug|Any CPU
		{CD02C802-21F7-4BC3-9C5F-40F00029DA71}.Debug|Any CPU.Build.0 = Debug|Any CPU
		{CD02C802-21F7-4BC3-9C5F-40F00029DA71}.Release|Any CPU.ActiveCfg = Release|Any CPU
		{CD02C802-21F7-4BC3-9C5F-40F00029DA71}.Release|Any CPU.Build.0 = Release|Any CPU
		{BEF228B0-B60C-4FA6-A146-4263CED80E69}.Debug|Any CPU.ActiveCfg = Debug|Any CPU
		{BEF228B0-B60C-4FA6-A146-4263CED80E69}.Debug|Any CPU.Build.0 = Debug|Any CPU
		{BEF228B0-B60C-4FA6-A146-4263CED80E69}.Release|Any CPU.ActiveCfg = Release|Any CPU
		{BEF228B0-B60C-4FA6-A146-4263CED80E69}.Release|Any CPU.Build.0 = Release|Any CPU
		{7458BF92-755B-418B-83E5-5264A162C926}.Debug|Any CPU.ActiveCfg = Debug|Any CPU
		{7458BF92-755B-418B-83E5-5264A162C926}.Debug|Any CPU.Build.0 = Debug|Any CPU
		{7458BF92-755B-418B-83E5-5264A162C926}.Release|Any CPU.ActiveCfg = Release|Any CPU
		{7458BF92-755B-418B-83E5-5264A162C926}.Release|Any CPU.Build.0 = Release|Any CPU
	EndGlobalSection
	GlobalSection(SolutionProperties) = preSolution
		HideSolutionNode = FALSE
	EndGlobalSection
	GlobalSection(ExtensibilityGlobals) = postSolution
		SolutionGuid = {E1B02B8C-E18A-4483-955A-55D2D7CF7B80}
	EndGlobalSection
EndGlobal
